# This file is automatically @generated by Poetry 2.3.2 and should not be changed by hand.

[[package]]
name = "networkx"
version = "3.6.1"
description = "Python package for creating and manipulating graphs and networks"
optional = false
python-versions = "!=3.14.1,>=3.11"
groups = ["main"]
files = [
    {file = "networkx-3.6.1-py3-none-any.whl", hash = "sha256:d47fbf302e7d9cbbb9e2555a0d267983d2aa476bac30e90dfbe5669bd57f3762"},
    {file = "networkx-3.6.1.tar.gz", hash = "sha256:26b7c357accc0c8cde558ad486283728b65b6a95d85ee1cd66bafab4c8168509"},
]

[package.extras]
benchmarking = ["asv", "virtualenv"]
default = ["matplotlib (>=3.8)", "numpy (>=1.25)", "pandas (>=2.0)", "scipy (>=1.11.2)"]
developer = ["mypy (>=1.15)", "pre-commit (>=4.1)"]
doc = ["intersphinx-registry", "myst-nb (>=1.1)", "numpydoc (>=1.8.0)", "pillow (>=10)", "pydata-sphinx-theme (>=0.16)", "sphinx (>=8.0)", "sphinx-gallery (>=0.18)", "texext (>=0.6.7)"]
example = ["cairocffi (>=1.7)", "contextily (>=1.6)", "igraph (>=0.11)", "iplotx (>=0.9.0)", "momepy (>=0.7.2)", "osmnx (>=2.0.0)", "scikit-learn (>=1.5)", "seaborn (>=0.13)"]
extra = ["lxml (>=4.6)", "pydot (>=3.0.1)", "pygraphviz (>=1.14)", "sympy (>=1.10)"]
release = ["build (>=0.10)", "changelist (==0.5)", "twine (>=4.0)", "wheel (>=0.40)"]
test = ["pytest (>=7.2)", "pytest-cov (>=4.0)", "pytest-xdist (>=3.0)"]
test-extras = ["pytest-mpl", "pytest-randomly"]

[[package]]
name = "nuitka"
version = "4.0"
description = "Python compiler with full language support and CPython compatibility"
optional = false
python-versions = "*"
groups = ["dev"]
files = [
    {file = "nuitka-4.0.tar.gz", hash = "sha256:0f404f292c3c2cc808d186d05a6d06a4b0aeca93f299cdfd5e33ddbcd19ab560"},
]

[package.extras]
all = ["imageio", "setuptools (>=42)", "toml", "zstandard (>=0.15)"]
app = ["zstandard (>=0.15)"]
build-wheel = ["setuptools (>=42)", "toml", "wheel"]
icon-conversion = ["imageio"]
onefile = ["zstandard (>=0.15)"]

[[package]]
name = "numpy"
version = "2.4.2"
description = "Fundamental package for array computing in Python"
optional = false
python-versions = ">=3.11"
groups = ["main"]
files = [
    {file = "numpy-2.4.2-cp311-cp311-macosx_10_9_x86_64.whl", hash = "sha256:e7e88598032542bd49af7c4747541422884219056c268823ef6e5e89851c8825"},
    {file = "numpy-2.4.2-cp311-cp311-macosx_11_0_arm64.whl", hash = "sha256:7edc794af8b36ca37ef5fcb5e0d128c7e0595c7b96a2318d1badb6fcd8ee86b1"},
    {file = "numpy-2.4.2-cp311-cp311-macosx_14_0_arm64.whl", hash = "sha256:6e9f61981ace1360e42737e2bae58b27bf28a1b27e781721047d84bd754d32e7"},
    {file = "numpy-2.4.2-cp311-cp311-macosx_14_0_x86_64.whl", hash = "sha256:cb7bbb88aa74908950d979eeaa24dbdf1a865e3c7e45ff0121d8f70387b55f73"},
    {file = "numpy-2.4.2-cp311-cp311-manylinux_2_27_aarch64.manylinux_2_28_aarch64.whl", hash = "sha256:4f069069931240b3fc703f1e23df63443dbd6390614c8c44a87d96cd0ec81eb1"},
    {file = "numpy-2.4.2-cp311-cp311-manylinux_2_27_x86_64.manylinux_2_28_x86_64.whl", hash = "sha256:c02ef4401a506fb60b411467ad501e1429a3487abca4664871d9ae0b46c8ba32"},
    {file = "numpy-2.4.2-cp311-cp311-musllinux_1_2_aarch64.whl", hash = "sha256:2653de5c24910e49c2b106499803124dde62a5a1fe0eedeaecf4309a5f639390"},
    {file = "numpy-2.4.2-cp311-cp311-musllinux_1_2_x86_64.whl", hash = "sha256:1ae241bbfc6ae276f94a170b14785e561cb5e7f626b6688cf076af4110887413"},
    {file = "numpy-2.4.2-cp311-cp311-win32.whl", hash = "sha256:df1b10187212b198dd45fa943d8985a3c8cf854aed4923796e0e019e113a1bda"},
    {file = "numpy-2.4.2-cp311-cp311-win_amd64.whl", hash = "sha256:b9c618d56a29c9cb1c4da979e9899be7578d2e0b3c24d52079c166324c9e8695"},
    {file = "numpy-2.4.2-cp311-cp311-win_arm64.whl", hash = "sha256:47c5a6ed21d9452b10227e5e8a0e1c22979811cad7dcc19d8e3e2fb8fa03f1a3"},
    {file = "numpy-2.4.2-cp312-cp312-macosx_10_13_x86_64.whl", hash = "sha256:21982668592194c609de53ba4933a7471880ccbaadcc52352694a59ecc860b3a"},
    {file = "numpy-2.4.2-cp312-cp312-macosx_11_0_arm64.whl", hash = "sha256:40397bda92382fcec844066efb11f13e1c9a3e2a8e8f318fb72ed8b6db9f60f1"},
    {file = "numpy-2.4.2-cp312-cp312-macosx_14_0_arm64.whl", hash = "sha256:b3a24467af63c67829bfaa61eecf18d5432d4f11992688537be59ecd6ad32f5e"},
    {file = "numpy-2.4.2-cp312-cp312-macosx_14_0_x86_64.whl", hash = "sha256:805cc8de9fd6e7a22da5aed858e0ab16be5a4db6c873dde1d7451c541553aa27"},
    {file = "numpy-2.4.2-cp312-cp312-manylinux_2_27_aarch64.manylinux_2_28_aarch64.whl", hash = "sha256:6d82351358ffbcdcd7b686b90742a9b86632d6c1c051016484fa0b326a0a1548"},
    {file = "numpy-2.4.2-cp312-cp312-manylinux_2_27_x86_64.manylinux_2_28_x86_64.whl", hash = "sha256:9e35d3e0144137d9fdae62912e869136164534d64a169f86438bc9561b6ad49f"},
    {file = "numpy-2.4.2-cp312-cp312-musllinux_1_2_aarch64.whl", hash = "sha256:adb6ed2ad29b9e15321d167d152ee909ec73395901b70936f029c3bc6d7f4460"},
    {file = "numpy-2.4.2-cp312-cp312-musllinux_1_2_x86_64.whl", hash = "sha256:8906e71fd8afcb76580404e2a950caef2685df3d2a57fe82a86ac8d33cc007ba"},
    {file = "numpy-2.4.2-cp312-cp312-win32.whl", hash = "sha256:ec055f6dae239a6299cace477b479cca2fc125c5675482daf1dd886933a1076f"},
    {file = "numpy-2.4.2-cp312-cp312-win_amd64.whl", hash = "sha256:209fae046e62d0ce6435fcfe3b1a10537e858249b3d9b05829e2a05218296a85"},
    {file = "numpy-2.4.2-cp312-cp312-win_arm64.whl", hash = "sha256:fbde1b0c6e81d56f5dccd95dd4a711d9b95df1ae4009a60887e56b27e8d903fa"},
    {file = "numpy-2.4.2-cp313-cp313-macosx_10_13_x86_64.whl", hash = "sha256:25f2059807faea4b077a2b6837391b5d830864b3543627f381821c646f31a63c"},
    {file = "numpy-2.4.2-cp313-cp313-macosx_11_0_arm64.whl", hash = "sha256:bd3a7a9f5847d2fb8c2c6d1c862fa109c31a9abeca1a3c2bd5a64572955b2979"},
    {file = "numpy-2.4.2-cp313-cp313-macosx_14_0_arm64.whl", hash = "sha256:8e4549f8a3c6d13d55041925e912bfd834285ef1dd64d6bc7d542583355e2e98"},
    {file = "numpy-2.4.2-cp313-cp313-macosx_14_0_x86_64.whl", hash = "sha256:aea4f66ff44dfddf8c2cffd66ba6538c5ec67d389285292fe428cb2c738c8aef"},
    {file = "numpy-2.4.2-cp313-cp313-manylinux_2_27_aarch64.manylinux_2_28_aarch64.whl", hash = "sha256:c3cd545784805de05aafe1dde61752ea49a359ccba9760c1e5d1c88a93bbf2b7"},
    {file = "numpy-2.4.2-cp313-cp313-manylinux_2_27_x86_64.manylinux_2_28_x86_64.whl", hash = "sha256:d0d9b7c93578baafcbc5f0b83eaf17b79d345c6f36917ba0c67f45226911d499"},
    {file = "numpy-2.4.2-cp313-cp313-musllinux_1_2_aarch64.whl", hash = "sha256:f74f0f7779cc7ae07d1810aab8ac6b1464c3eafb9e283a40da7309d5e6e48fbb"},
    {file = "numpy-2.4.2-cp313-cp313-musllinux_1_2_x86_64.whl", hash = "sha256:c7ac672d699bf36275c035e16b65539931347d68b70667d28984c9fb34e07fa7"},
    {file = "numpy-2.4.2-cp313-cp313-win32.whl", hash = "sha256:8e9afaeb0beff068b4d9cd20d322ba0ee1cecfb0b08db145e4ab4dd44a6b5110"},
    {file = "numpy-2.4.2-cp313-cp313-win_amd64.whl", hash = "sha256:7df2de1e4fba69a51c06c28f5a3de36731eb9639feb8e1cf7e4a7b0daf4cf622"},
    {file = "numpy-2.4.2-cp313-cp313-win_arm64.whl", hash = "sha256:0fece1d1f0a89c16b03442eae5c56dc0be0c7883b5d388e0c03f53019a4bfd71"},
    {file = "numpy-2.4.2-cp313-cp313t-macosx_11_0_arm64.whl", hash = "sha256:5633c0da313330fd20c484c78cdd3f9b175b55e1a766c4a174230c6b70ad8262"},
    {file = "numpy-2.4.2-cp313-cp313t-macosx_14_0_arm64.whl", hash = "sha256:d9f64d786b3b1dd742c946c42d15b07497ed14af1a1f3ce840cce27daa0ce913"},
    {file = "numpy-2.4.2-cp313-cp313t-macosx_14_0_x86_64.whl", hash = "sha256:b21041e8cb6a1eb5312dd1d2f80a94d91efffb7a06b70597d44f1bd2dfc315ab"},
    {file = "numpy-2.4.2-cp313-cp313t-manylinux_2_27_aarch64.manylinux_2_28_aarch64.whl", hash = "sha256:00ab83c56211a1d7c07c25e3217ea6695e50a3e2f255053686b081dc0b091a82"},
    {file = "numpy-2.4.2-cp313-cp313t-manylinux_2_27_x86_64.manylinux_2_28_x86_64.whl", hash = "sha256:2fb882da679409066b4603579619341c6d6898fc83a8995199d5249f986e8e8f"},
    {file = "numpy-2.4.2-cp313-cp313t-musllinux_1_2_aarch64.whl", hash = "sha256:66cb9422236317f9d44b67b4d18f44efe6e9c7f8794ac0462978513359461554"},
    {file = "numpy-2.4.2-cp313-cp313t-musllinux_1_2_x86_64.whl", hash = "sha256:0f01dcf33e73d80bd8dc0f20a71303abbafa26a19e23f6b68d1aa9990af90257"},
    {file = "numpy-2.4.2-cp313-cp313t-win32.whl", hash = "sha256:52b913ec40ff7ae845687b0b34d8d93b60cb66dcee06996dd5c99f2fc9328657"},
    {file = "numpy-2.4.2-cp313-cp313t-win_amd64.whl", hash = "sha256:5eea80d908b2c1f91486eb95b3fb6fab187e569ec9752ab7d9333d2e66bf2d6b"},
    {file = "numpy-2.4.2-cp313-cp313t-win_arm64.whl", hash = "sha256:fd49860271d52127d61197bb50b64f58454e9f578cb4b2c001a6de8b1f50b0b1"},
    {file = "numpy-2.4.2-cp314-cp314-macosx_10_15_x86_64.whl", hash = "sha256:444be170853f1f9d528428eceb55f12918e4fda5d8805480f36a002f1415e09b"},
    {file = "numpy-2.4.2-cp314-cp314-macosx_11_0_arm64.whl", hash = "sha256:d1240d50adff70c2a88217698ca844723068533f3f5c5fa6ee2e3220e3bdb000"},
    {file = "numpy-2.4.2-cp314-cp314-macosx_14_0_arm64.whl", hash = "sha256:7cdde6de52fb6664b00b056341265441192d1291c130e99183ec0d4b110ff8b1"},
    {file = "numpy-2.4.2-cp314-cp314-macosx_14_0_x86_64.whl", hash = "sha256:cda077c2e5b780200b6b3e09d0b42205a3d1c68f30c6dceb90401c13bff8fe74"},
    {file = "numpy-2.4.2-cp314-cp314-manylinux_2_27_aarch64.manylinux_2_28_aarch64.whl", hash = "sha256:d30291931c915b2ab5717c2974bb95ee891a1cf22ebc16a8006bd59cd210d40a"},
    {file = "numpy-2.4.2-cp314-cp314-manylinux_2_27_x86_64.manylinux_2_28_x86_64.whl", hash = "sha256:bba37bc29d4d85761deed3954a1bc62be7cf462b9510b51d367b769a8c8df325"},
    {file = "numpy-2.4.2-cp314-cp314-musllinux_1_2_aarch64.whl", hash = "sha256:b2f0073ed0868db1dcd86e052d37279eef185b9c8db5bf61f30f46adac63c909"},
    {file = "numpy-2.4.2-cp314-cp314-musllinux_1_2_x86_64.whl", hash = "sha256:7f54844851cdb630ceb623dcec4db3240d1ac13d4990532446761baede94996a"},
    {file = "numpy-2.4.2-cp314-cp314-win32.whl", hash = "sha256:12e26134a0331d8dbd9351620f037ec470b7c75929cb8a1537f6bfe411152a1a"},
    {file = "numpy-2.4.2-cp314-cp314-win_amd64.whl", hash = "sha256:068cdb2d0d644cdb45670810894f6a0600797a69c05f1ac478e8d31670b8ee75"},
    {file = "numpy-2.4.2-cp314-cp314-win_arm64.whl", hash = "sha256:6ed0be1ee58eef41231a5c943d7d1375f093142702d5723ca2eb07db9b934b05"},
    {file = "numpy-2.4.2-cp314-cp314t-macosx_11_0_arm64.whl", hash = "sha256:98f16a80e917003a12c0580f97b5f875853ebc33e2eaa4bccfc8201ac6869308"},
    {file = "numpy-2.4.2-cp314-cp314t-macosx_14_0_arm64.whl", hash = "sha256:20abd069b9cda45874498b245c8015b18ace6de8546bf50dfa8cea1696ed06ef"},
    {file = "numpy-2.4.2-cp314-cp314t-macosx_14_0_x86_64.whl", hash = "sha256:e98c97502435b53741540a5717a6749ac2ada901056c7db951d33e11c885cc7d"},
    {file = "numpy-2.4.2-cp314-cp314t-manylinux_2_27_aarch64.manylinux_2_28_aarch64.whl", hash = "sha256:da6cad4e82cb893db4b69105c604d805e0c3ce11501a55b5e9f9083b47d2ffe8"},
    {file = "numpy-2.4.2-cp314-cp314t-manylinux_2_27_x86_64.manylinux_2_28_x86_64.whl", hash = "sha256:9e4424677ce4b47fe73c8b5556d876571f7c6945d264201180db2dc34f676ab5"},
    {file = "numpy-2.4.2-cp314-cp314t-musllinux_1_2_aarch64.whl", hash = "sha256:2b8f157c8a6f20eb657e240f8985cc135598b2b46985c5bccbde7616dc9c6b1e"},
    {file = "numpy-2.4.2-cp314-cp314t-musllinux_1_2_x86_64.whl", hash = "sha256:5daf6f3914a733336dab21a05cdec343144600e964d2fcdabaac0c0269874b2a"},
    {file = "numpy-2.4.2-cp314-cp314t-win32.whl", hash = "sha256:8c50dd1fc8826f5b26a5ee4d77ca55d88a895f4e4819c7ecc2a9f5905047a443"},
    {file = "numpy-2.4.2-cp314-cp314t-win_amd64.whl", hash = "sha256:fcf92bee92742edd401ba41135185866f7026c502617f422eb432cfeca4fe236"},
    {file = "numpy-2.4.2-cp314-cp314t-win_arm64.whl", hash = "sha256:1f92f53998a17265194018d1cc321b2e96e900ca52d54c7c77837b71b9465181"},
    {file = "numpy-2.4.2-pp311-pypy311_pp73-macosx_10_15_x86_64.whl", hash = "sha256:89f7268c009bc492f506abd6f5265defa7cb3f7487dc21d357c3d290add45082"},
    {file = "numpy-2.4.2-pp311-pypy311_pp73-macosx_11_0_arm64.whl", hash = "sha256:e6dee3bb76aa4009d5a912180bf5b2de012532998d094acee25d9cb8dee3e44a"},
    {file = "numpy-2.4.2-pp311-pypy311_pp73-macosx_14_0_arm64.whl", hash = "sha256:cd2bd2bbed13e213d6b55dc1d035a4f91748a7d3edc9480c13898b0353708920"},
    {file = "numpy-2.4.2-pp311-pypy311_pp73-macosx_14_0_x86_64.whl", hash = "sha256:cf28c0c1d4c4bf00f509fa7eb02c58d7caf221b50b467bcb0d9bbf1584d5c821"},
    {file = "numpy-2.4.2-pp311-pypy311_pp73-manylinux_2_27_aarch64.manylinux_2_28_aarch64.whl", hash = "sha256:e04ae107ac591763a47398bb45b568fc38f02dbc4aa44c063f67a131f99346cb"},
    {file = "numpy-2.4.2-pp311-pypy311_pp73-manylinux_2_27_x86_64.manylinux_2_28_x86_64.whl", hash = "sha256:602f65afdef699cda27ec0b9224ae5dc43e328f4c24c689deaf77133dbee74d0"},
    {file = "numpy-2.4.2-pp311-pypy311_pp73-win_amd64.whl", hash = "sha256:be71bf1edb48ebbbf7f6337b5bfd2f895d1902f6335a5830b20141fc126ffba0"},
    {file = "numpy-2.4.2.tar.gz", hash = "sha256:659a6107e31a83c4e33f763942275fd278b21d095094044eb35569e86a21ddae"},
]

[[package]]
name = "ordered-set"
version = "4.1.0"
description = "An OrderedSet is a custom MutableSet that remembers its order, so that every"
optional = false
python-versions = ">=3.7"
groups = ["dev"]
files = [
    {file = "ordered-set-4.1.0.tar.gz", hash = "sha256:694a8e44c87657c59292ede72891eb91d34131f6531463aab3009191c77364a8"},
    {file = "ordered_set-4.1.0-py3-none-any.whl", hash = "sha256:046e1132c71fcf3330438a539928932caf51ddbc582496833e23de611de14562"},
]

[package.extras]
dev = ["black", "mypy", "pytest"]

[[package]]
name = "pyqt6"
version = "6.10.2"
description = "Python bindings for the Qt cross platform application toolkit"
optional = false
python-versions = ">=3.9"
groups = ["main"]
files = [
    {file = "pyqt6-6.10.2-cp39-abi3-macosx_10_14_universal2.whl", hash = "sha256:37ae7c1183fe4dd0c6aefd2006a35731245de1cb6f817bb9e414a3e4848dfd6d"},
    {file = "pyqt6-6.10.2-cp39-abi3-manylinux_2_34_x86_64.whl", hash = "sha256:78e1b3d5763e4cbc84485aef600e0aba5e1932fd263b716f92cd1a40dfa5e924"},
    {file = "pyqt6-6.10.2-cp39-abi3-manylinux_2_39_aarch64.whl", hash = "sha256:bbc3af541bbecd27301bfe69fe445aa1611a9b490bd3de77306b12df632f7ec6"},
    {file = "pyqt6-6.10.2-cp39-abi3-win_amd64.whl", hash = "sha256:bd328cb70bc382c48861cd5f0a11b2b8ae6f5692d5a2d6679ba52785dced327b"},
    {file = "pyqt6-6.10.2-cp39-abi3-win_arm64.whl", hash = "sha256:7901ba1df024b7ee9fdacfb2b7661aeb3749ae8b0bef65428077de3e0450eabb"},
    {file = "pyqt6-6.10.2.tar.gz", hash = "sha256:6c0db5d8cbb9a3e7e2b5b51d0ff3f283121fa27b864db6d2f35b663c9be5cc83"},
]

[package.dependencies]
PyQt6-Qt6 = ">=6.10.0,<6.11.0"
PyQt6-sip = ">=13.8,<14"

[[package]]
name = "pyqt6-qt6"
version = "6.10.2"
description = "The subset of a Qt installation needed by PyQt6."
optional = false
python-versions = "*"
groups = ["main"]
files = [
    {file = "pyqt6_qt6-6.10.2-py3-none-macosx_10_14_x86_64.whl", hash = "sha256:5761cfccc721da2311c3f1213577f0ff1df07bbbbe3fa3a209a256b82cf057e3"},
    {file = "pyqt6_qt6-6.10.2-py3-none-macosx_11_0_arm64.whl", hash = "sha256:6dda853a8db1b8d1a2ddbbe76cc6c3aa86614cad14056bd3c0435d8feea73b2d"},
    {file = "pyqt6_qt6-6.10.2-py3-none-manylinux_2_34_x86_64.whl", hash = "sha256:19c10b5f0806e9f9bac2c9759bd5d7d19a78967f330fd60a2db409177fa76e49"},
    {file = "pyqt6_qt6-6.10.2-py3-none-manylinux_2_39_aarch64.whl", hash = "sha256:2e60d616861ca4565cd295418d605975aa2dc407ba4b94c1586a70c92e9cb052"},
    {file = "pyqt6_qt6-6.10.2-py3-none-win_amd64.whl", hash = "sha256:c4b7f7d66cc58bddf1bc1ca28dfcf7a45f58cfcb11d81d13a0510409dd4957ac"},
    {file = "pyqt6_qt6-6.10.2-py3-none-win_arm64.whl", hash = "sha256:7164a6f0c1335358a3026df9865c8f75395b01f60f0dcd2f66c029ec16fc83d2"},
]

[[package]]
name = "pyqt6-sip"
version = "13.11.0"
description = "The sip module support for PyQt6"
optional = false
python-versions = ">=3.10"
groups = ["main"]
files = [
    {file = "pyqt6_sip-13.11.0-cp310-cp310-macosx_10_9_universal2.whl", hash = "sha256:90b597feae3c374eb1af7bfc515836aa39829ff3a1dffa5fe92ba139d273946a"},
    {file = "pyqt6_sip-13.11.0-cp310-cp310-manylinux1_x86_64.manylinux_2_5_x86_64.whl", hash = "sha256:261f8f7063c862863f05629219be08be9bddd01d1a83181f8439d19852ae1571"},
    {file = "pyqt6_sip-13.11.0-cp310-cp310-manylinux_2_17_aarch64.manylinux2014_aarch64.whl", hash = "sha256:b8532a5612762a5c1859e4b38359f847e07596ec210942221e22b10df5327fcc"},
    {file = "pyqt6_sip-13.11.0-cp310-cp310-win_amd64.whl", hash = "sha256:87edd15791c7d20fa3ffc68e6f4825f989a6510c11019eb5a11c1622b8802f8d"},
    {file = "pyqt6_sip-13.11.0-cp311-cp311-macosx_10_9_universal2.whl", hash = "sha256:6e329ccc3a6502e2b774ef62ab843ac8b3f32191324e8230e6dde78c1c0df5a8"},
    {file = "pyqt6_sip-13.11.0-cp311-cp311-manylinux1_x86_64.manylinux_2_5_x86_64.whl", hash = "sha256:364424dacdee9e0a2a723646b5608139629ad9bde318dd755d86f5e0ba123c79"},
    {file = "pyqt6_sip-13.11.0-cp311-cp311-manylinux_2_17_aarch64.manylinux2014_aarch64.whl", hash = "sha256:132ee69d935c14bb4ced2a811ef333200c7aa50324bd7caadefd7d5874495225"},
    {file = "pyqt6_sip-13.11.0-cp311-cp311-win_amd64.whl", hash = "sha256:341e52e702d41872515794dea6265ee56b8625c9d3c74ea0468124f0bd675f8b"},
    {file = "pyqt6_sip-13.11.0-cp311-cp311-win_arm64.whl", hash = "sha256:489fdd0910f8c1d5d40255b4cd7b45f4a4549f9a599512bc6b2cc8d384e28852"},
    {file = "pyqt6_sip-13.11.0-cp312-cp312-macosx_10_9_universal2.whl", hash = "sha256:6b3267cd93b7f4da6fdf9a6a26f3baed8faae06e5cdd76235f2acc2116c40a54"},
    {file = "pyqt6_sip-13.11.0-cp312-cp312-manylinux1_x86_64.manylinux_2_5_x86_64.whl", hash = "sha256:c30248d9bbe54c46a78e5d549da50295ecd6584b965597f751e272f000fb8527"},
    {file = "pyqt6_sip-13.11.0-cp312-cp312-manylinux_2_17_aarch64.manylinux2014_aarch64.whl", hash = "sha256:9c367b53a91e575ef66c1375f899713bdaf0a8b2c64b95ac226e9644854a4984"},
    {file = "pyqt6_sip-13.11.0-cp312-cp312-win_amd64.whl", hash = "sha256:077958105c2ea2f62be2f1a7611ff8bd44cb52fb5ea8fc8c59ea949144acb7b5"},
    {file = "pyqt6_sip-13.11.0-cp312-cp312-win_arm64.whl", hash = "sha256:52812471619d3d3750b940d7d124cd0954107656924921ac177e098ba36362fb"},
    {file = "pyqt6_sip-13.11.0-cp313-cp313-macosx_10_13_universal2.whl", hash = "sha256:929716eebde1a64ffdb6b1715db6a22aefd5634d6df84858c7deb5e85be84fdf"},
    {file = "pyqt6_sip-13.11.0-cp313-cp313-manylinux1_x86_64.manylinux_2_5_x86_64.whl", hash = "sha256:a75144e8a0bcf9d1a9069011890401748af353749f1de1b6a314b880781edf9d"},
    {file = "pyqt6_sip-13.11.0-cp313-cp313-manylinux_2_17_aarch64.manylinux2014_aarch64.whl", hash = "sha256:8082b5f57ffad5dddf5efcf0ef5eaf94841395aa4e7c374c79ef24cf49b0f0ce"},
    {file = "pyqt6_sip-13.11.0-cp313-cp313-win_amd64.whl", hash = "sha256:8d49b5bf3d8d36cd7db93ddc54cd09dbba96a3fd926e445ef75499b41e47b5a3"},
    {file = "pyqt6_sip-13.11.0-cp313-cp313-win_arm64.whl", hash = "sha256:293eac1b53c66c54b03266cc30015ec77454af679043a4f188b9bb80a9656996"},
    {file = "pyqt6_sip-13.11.0-cp314-cp314-macosx_10_15_universal2.whl", hash = "sha256:4dc9c4df24af0571423c3e85b5c008bad42ed48558eef80fbc3e5d30274c5abb"},
    {file = "pyqt6_sip-13.11.0-cp314-cp314-manylinux1_x86_64.manylinux_2_5_x86_64.whl", hash = "sha256:c974d5a193f32e55e746e9b63138503163ac63500dbb1fd67233d8a8d71369bd"},
    {file = "pyqt6_sip-13.11.0-cp314-cp314-manylinux_2_17_aarch64.manylinux2014_aarch64.whl", hash = "sha256:4284540ffccd8349763ddce3518264dde62f20556720d4061b9c895e09011ca0"},
    {file = "pyqt6_sip-13.11.0-cp314-cp314-win_amd64.whl", hash = "sha256:9bd81cb351640abc803ea2fe7262b5adea28615c9b96fd103d1b6f3459937211"},
    {file = "pyqt6_sip-13.11.0-cp314-cp314-win_arm64.whl", hash = "sha256:cd95ec98f8edb15bcea832b8657809f69d758bc4151cc6fd7790c0181949e45f"},
    {file = "pyqt6_sip-13.11.0.tar.gz", hash = "sha256:d463af37738bda1856c9ef513e5620a37b7a005e9d589c986c3304db4a8a14d3"},
]

[[package]]
name = "scapy"
version = "2.7.0"
description = "Scapy: interactive packet manipulation tool"
optional = false
python-versions = "<4,>=3.7"
groups = ["main"]
files = [
    {file = "scapy-2.7.0-py3-none-any.whl", hash = "sha256:eb22786da92be6fd8e5c694ae5595e4f5b9ac1f4364c9c45986844f3e3063561"},
    {file = "scapy-2.7.0.tar.gz", hash = "sha256:bfc1ef1b93280aea1ddee53be7f74232aa28ac3d891244d41ee85200d24aa446"},
]

[package.extras]
all = ["cryptography (>=2.0)", "ipython", "matplotlib", "pyx"]
cli = ["ipython"]
doc = ["cryptography (>=2.0)", "sphinx (>=7.0.0)", "sphinx_rtd_theme (>=1.3.0)", "tox (>=3.0.0)"]

[[package]]
name = "zstandard"
version = "0.25.0"
description = "Zstandard bindings for Python"
optional = false
python-versions = ">=3.9"
groups = ["dev"]
files = [
    {file = "zstandard-0.25.0-cp310-cp310-macosx_10_9_x86_64.whl", hash = "sha256:e59fdc271772f6686e01e1b3b74537259800f57e24280be3f29c8a0deb1904dd"},
    {file = "zstandard-0.25.0-cp310-cp310-macosx_11_0_arm64.whl", hash = "sha256:4d441506e9b372386a5271c64125f72d5df6d2a8e8a2a45a0ae09b03cb781ef7"},
    {file = "zstandard-0.25.0-cp310-cp310-manylinux2010_i686.manylinux2014_i686.manylinux_2_12_i686.manylinux_2_17_i686.whl", hash = "sha256:ab85470ab54c2cb96e176f40342d9ed41e58ca5733be6a893b730e7af9c40550"},
    {file = "zstandard-0.25.0-cp310-cp310-manylinux2014_aarch64.manylinux_2_17_aarch64.whl", hash = "sha256:e05ab82ea7753354bb054b92e2f288afb750e6b439ff6ca78af52939ebbc476d"},
    {file = "zstandard-0.25.0-cp310-cp310-manylinux2014_ppc64le.manylinux_2_17_ppc64le.whl", hash = "sha256:78228d8a6a1c177a96b94f7e2e8d012c55f9c760761980da16ae7546a15a8e9b"},
    {file = "zstandard-0.25.0-cp310-cp310-manylinux2014_s390x.manylinux_2_17_s390x.whl", hash = "sha256:2b6bd67528ee8b5c5f10255735abc21aa106931f0dbaf297c7be0c886353c3d0"},
    {file = "zstandard-0.25.0-cp310-cp310-manylinux2014_x86_64.manylinux_2_17_x86_64.whl", hash = "sha256:4b6d83057e713ff235a12e73916b6d356e3084fd3d14ced499d84240f3eecee0"},
    {file = "zstandard-0.25.0-cp310-cp310-musllinux_1_1_aarch64.whl", hash = "sha256:9174f4ed06f790a6869b41cba05b43eeb9a35f8993c4422ab853b705e8112bbd"},
    {file = "zstandard-0.25.0-cp310-cp310-musllinux_1_1_x86_64.whl", hash = "sha256:25f8f3cd45087d089aef5ba3848cd9efe3ad41163d3400862fb42f81a3a46701"},
    {file = "zstandard-0.25.0-cp310-cp310-musllinux_1_2_aarch64.whl", hash = "sha256:3756b3e9da9b83da1796f8809dd57cb024f838b9eeafde28f3cb472012797ac1"},
    {file = "zstandard-0.25.0-cp310-cp310-musllinux_1_2_i686.whl", hash = "sha256:81dad8d145d8fd981b2962b686b2241d3a1ea07733e76a2f15435dfb7fb60150"},
    {file = "zstandard-0.25.0-cp310-cp310-musllinux_1_2_ppc64le.whl", hash = "sha256:a5a419712cf88862a45a23def0ae063686db3d324cec7edbe40509d1a79a0aab"},
    {file = "zstandard-0.25.0-cp310-cp310-musllinux_1_2_s390x.whl", hash = "sha256:e7360eae90809efd19b886e59a09dad07da4ca9ba096752e61a2e03c8aca188e"},
    {file = "zstandard-0.25.0-cp310-cp310-musllinux_1_2_x86_64.whl", hash = "sha256:75ffc32a569fb049499e63ce68c743155477610532da1eb38e7f24bf7cd29e74"},
    {file = "zstandard-0.25.0-cp310-cp310-win32.whl", hash = "sha256:106281ae350e494f4ac8a80470e66d1fe27e497052c8d9c3b95dc4cf1ade81aa"},
    {file = "zstandard-0.25.0-cp310-cp310-win_amd64.whl", hash = "sha256:ea9d54cc3d8064260114a0bbf3479fc4a98b21dffc89b3459edd506b69262f6e"},
    {file = "zstandard-0.25.0-cp311-cp311-macosx_10_9_x86_64.whl", hash = "sha256:933b65d7680ea337180733cf9e87293cc5500cc0eb3fc8769f4d3c88d724ec5c"},
    {file = "zstandard-0.25.0-cp311-cp311-macosx_11_0_arm64.whl", hash = "sha256:a3f79487c687b1fc69f19e487cd949bf3aae653d181dfb5fde3bf6d18894706f"},
    {file = "zstandard-0.25.0-cp311-cp311-manylinux2010_i686.manylinux2014_i686.manylinux_2_12_i686.manylinux_2_17_i686.whl", hash = "sha256:0bbc9a0c65ce0eea3c34a691e3c4b6889f5f3909ba4822ab385fab9057099431"},
    {file = "zstandard-0.25.0-cp311-cp311-manylinux2014_aarch64.manylinux_2_17_aarch64.whl", hash = "sha256:01582723b3ccd6939ab7b3a78622c573799d5d8737b534b86d0e06ac18dbde4a"},
    {file = "zstandard-0.25.0-cp311-cp311-manylinux2014_ppc64le.manylinux_2_17_ppc64le.whl", hash = "sha256:5f1ad7bf88535edcf30038f6919abe087f606f62c00a87d7e33e7fc57cb69fcc"},
    {file = "zstandard-0.25.0-cp311-cp311-manylinux2014_s390x.manylinux_2_17_s390x.whl", hash = "sha256:06acb75eebeedb77b69048031282737717a63e71e4ae3f77cc0c3b9508320df6"},
    {file = "zstandard-0.25.0-cp311-cp311-manylinux2014_x86_64.manylinux_2_17_x86_64.whl", hash = "sha256:9300d02ea7c6506f00e627e287e0492a5eb0371ec1670ae852fefffa6164b072"},
    {file = "zstandard-0.25.0-cp311-cp311-musllinux_1_1_aarch64.whl", hash = "sha256:bfd06b1c5584b657a2892a6014c2f4c20e0db0208c159148fa78c65f7e0b0277"},
    {file = "zstandard-0.25.0-cp311-cp311-musllinux_1_1_x86_64.whl", hash = "sha256:f373da2c1757bb7f1acaf09369cdc1d51d84131e50d5fa9863982fd626466313"},
    {file = "zstandard-0.25.0-cp311-cp311-musllinux_1_2_aarch64.whl", hash = "sha256:6c0e5a65158a7946e7a7affa6418878ef97ab66636f13353b8502d7ea03c8097"},
    {file = "zstandard-0.25.0-cp311-cp311-musllinux_1_2_i686.whl", hash = "sha256:c8e167d5adf59476fa3e37bee730890e389410c354771a62e3c076c86f9f7778"},
    {file = "zstandard-0.25.0-cp311-cp311-musllinux_1_2_ppc64le.whl", hash = "sha256:98750a309eb2f020da61e727de7d7ba3c57c97cf6213f6f6277bb7fb42a8e065"},
    {file = "zstandard-0.25.0-cp311-cp311-musllinux_1_2_s390x.whl", hash = "sha256:22a086cff1b6ceca18a8dd6096ec631e430e93a8e70a9ca5efa7561a00f826fa"},
    {file = "zstandard-0.25.0-cp311-cp311-musllinux_1_2_x86_64.whl", hash = "sha256:72d35d7aa0bba323965da807a462b0966c91608ef3a48ba761678cb20ce5d8b7"},
    {file = "zstandard-0.25.0-cp311-cp311-win32.whl", hash = "sha256:f5aeea11ded7320a84dcdd62a3d95b5186834224a9e55b92ccae35d21a8b63d4"},
    {file = "zstandard-0.25.0-cp311-cp311-win_amd64.whl", hash = "sha256:daab68faadb847063d0c56f361a289c4f268706b598afbf9ad113cbe5c38b6b2"},
    {file = "zstandard-0.25.0-cp311-cp311-win_arm64.whl", hash = "sha256:22a06c5df3751bb7dc67406f5374734ccee8ed37fc5981bf1ad7041831fa1137"},
    {file = "zstandard-0.25.0-cp312-cp312-macosx_10_13_x86_64.whl", hash = "sha256:7b3c3a3ab9daa3eed242d6ecceead93aebbb8f5f84318d82cee643e019c4b73b"},
    {file = "zstandard-0.25.0-cp312-cp312-macosx_11_0_arm64.whl", hash = "sha256:913cbd31a400febff93b564a23e17c3ed2d56c064006f54efec210d586171c00"},
    {file = "zstandard-0.25.0-cp312-cp312-manylinux2010_i686.manylinux2014_i686.manylinux_2_12_i686.manylinux_2_17_i686.whl", hash = "sha256:011d388c76b11a0c165374ce660ce2c8efa8e5d87f34996aa80f9c0816698b64"},
    {file = "zstandard-0.25.0-cp312-cp312-manylinux2014_aarch64.manylinux_2_17_aarch64.whl", hash = "sha256:6dffecc361d079bb48d7caef5d673c88c8988d3d33fb74ab95b7ee6da42652ea"},
    {file = "zstandard-0.25.0-cp312-cp312-manylinux2014_ppc64le.manylinux_2_17_ppc64le.whl", hash = "sha256:7149623bba7fdf7e7f24312953bcf73cae103db8cae49f8154dd1eadc8a29ecb"},
    {file = "zstandard-0.25.0-cp312-cp312-manylinux2014_s390x.manylinux_2_17_s390x.whl", hash = "sha256:6a573a35693e03cf1d67799fd01b50ff578515a8aeadd4595d2a7fa9f3ec002a"},
    {file = "zstandard-0.25.0-cp312-cp312-manylinux2014_x86_64.manylinux_2_17_x86_64.whl", hash = "sha256:5a56ba0db2d244117ed744dfa8f6f5b366e14148e00de44723413b2f3938a902"},
    {file = "zstandard-0.25.0-cp312-cp312-musllinux_1_1_aarch64.whl", hash = "sha256:10ef2a79ab8e2974e2075fb984e5b9806c64134810fac21576f0668e7ea19f8f"},
    {file = "zstandard-0.25.0-cp312-cp312-musllinux_1_1_x86_64.whl", hash = "sha256:aaf21ba8fb76d102b696781bddaa0954b782536446083ae3fdaa6f16b25a1c4b"},
    {file = "zstandard-0.25.0-cp312-cp312-musllinux_1_2_aarch64.whl", hash = "sha256:1869da9571d5e94a85a5e8d57e4e8807b175c9e4a6294e3b66fa4efb074d90f6"},
    {file = "zstandard-0.25.0-cp312-cp312-musllinux_1_2_i686.whl", hash = "sha256:809c5bcb2c67cd0ed81e9229d227d4ca28f82d0f778fc5fea624a9def3963f91"},
    {file = "zstandard-0.25.0-cp312-cp312-musllinux_1_2_ppc64le.whl", hash = "sha256:f27662e4f7dbf9f9c12391cb37b4c4c3cb90ffbd3b1fb9284dadbbb8935fa708"},
    {file = "zstandard-0.25.0-cp312-cp312-musllinux_1_2_s390x.whl", hash = "sha256:99c0c846e6e61718715a3c9437ccc625de26593fea60189567f0118dc9db7512"},
    {file = "zstandard-0.25.0-cp312-cp312-musllinux_1_2_x86_64.whl", hash = "sha256:474d2596a2dbc241a556e965fb76002c1ce655445e4e3bf38e5477d413165ffa"},
    {file = "zstandard-0.25.0-cp312-cp312-win32.whl", hash = "sha256:23ebc8f17a03133b4426bcc04aabd68f8236eb78c3760f12783385171b0fd8bd"},
    {file = "zstandard-0.25.0-cp312-cp312-win_amd64.whl", hash = "sha256:ffef5a74088f1e09947aecf91011136665152e0b4b359c42be3373897fb39b01"},
    {file = "zstandard-0.25.0-cp312-cp312-win_arm64.whl", hash = "sha256:181eb40e0b6a29b3cd2849f825e0fa34397f649170673d385f3598ae17cca2e9"},
    {file = "zstandard-0.25.0-cp313-cp313-macosx_10_13_x86_64.whl", hash = "sha256:ec996f12524f88e151c339688c3897194821d7f03081ab35d31d1e12ec975e94"},
    {file = "zstandard-0.25.0-cp313-cp313-macosx_11_0_arm64.whl", hash = "sha256:a1a4ae2dec3993a32247995bdfe367fc3266da832d82f8438c8570f989753de1"},
    {file = "zstandard-0.25.0-cp313-cp313-manylinux2010_i686.manylinux2014_i686.manylinux_2_12_i686.manylinux_2_17_i686.whl", hash = "sha256:e96594a5537722fdfb79951672a2a63aec5ebfb823e7560586f7484819f2a08f"},
    {file = "zstandard-0.25.0-cp313-cp313-manylinux2014_aarch64.manylinux_2_17_aarch64.whl", hash = "sha256:bfc4e20784722098822e3eee42b8e576b379ed72cca4a7cb856ae733e62192ea"},
    {file = "zstandard-0.25.0-cp313-cp313-manylinux2014_ppc64le.manylinux_2_17_ppc64le.whl", hash = "sha256:457ed498fc58cdc12fc48f7950e02740d4f7ae9493dd4ab2168a47c93c31298e"},
    {file = "zstandard-0.25.0-cp313-cp313-manylinux2014_s390x.manylinux_2_17_s390x.whl", hash = "sha256:fd7a5004eb1980d3cefe26b2685bcb0b17989901a70a1040d1ac86f1d898c551"},
    {file = "zstandard-0.25.0-cp313-cp313-manylinux2014_x86_64.manylinux_2_17_x86_64.whl", hash = "sha256:8e735494da3db08694d26480f1493ad2cf86e99bdd53e8e9771b2752a5c0246a"},
    {file = "zstandard-0.25.0-cp313-cp313-musllinux_1_1_aarch64.whl", hash = "sha256:3a39c94ad7866160a4a46d772e43311a743c316942037671beb264e395bdd611"},
    {file = "zstandard-0.25.0-cp313-cp313-musllinux_1_1_x86_64.whl", hash = "sha256:172de1f06947577d3a3005416977cce6168f2261284c02080e7ad0185faeced3"},
    {file = "zstandard-0.25.0-cp313-cp313-musllinux_1_2_aarch64.whl", hash = "sha256:3c83b0188c852a47cd13ef3bf9209fb0a77fa5374958b8c53aaa699398c6bd7b"},
    {file = "zstandard-0.25.0-cp313-cp313-musllinux_1_2_i686.whl", hash = "sha256:1673b7199bbe763365b81a4f3252b8e80f44c9e323fc42940dc8843bfeaf9851"},
    {file = "zstandard-0.25.0-cp313-cp313-musllinux_1_2_ppc64le.whl", hash = "sha256:0be7622c37c183406f3dbf0cba104118eb16a4ea7359eeb5752f0794882fc250"},
    {file = "zstandard-0.25.0-cp313-cp313-musllinux_1_2_s390x.whl", hash = "sha256:5f5e4c2a23ca271c218ac025bd7d635597048b366d6f31f420aaeb715239fc98"},
    {file = "zstandard-0.25.0-cp313-cp313-musllinux_1_2_x86_64.whl", hash = "sha256:4f187a0bb61b35119d1926aee039524d1f93aaf38a9916b8c4b78ac8514a0aaf"},
    {file = "zstandard-0.25.0-cp313-cp313-win32.whl", hash = "sha256:7030defa83eef3e51ff26f0b7bfb229f0204b66fe18e04359ce3474ac33cbc09"},
    {file = "zstandard-0.25.0-cp313-cp313-win_amd64.whl", hash = "sha256:1f830a0dac88719af0ae43b8b2d6aef487d437036468ef3c2ea59c51f9d55fd5"},
    {file = "zstandard-0.25.0-cp313-cp313-win_arm64.whl", hash = "sha256:85304a43f4d513f5464ceb938aa02c1e78c2943b29f44a750b48b25ac999a049"},
    {file = "zstandard-0.25.0-cp314-cp314-macosx_10_13_x86_64.whl", hash = "sha256:e29f0cf06974c899b2c188ef7f783607dbef36da4c242eb6c82dcd8b512855e3"},
    {file = "zstandard-0.25.0-cp314-cp314-macosx_11_0_arm64.whl", hash = "sha256:05df5136bc5a011f33cd25bc9f506e7426c0c9b3f9954f056831ce68f3b6689f"},
    {file = "zstandard-0.25.0-cp314-cp314-manylinux2010_i686.manylinux_2_12_i686.manylinux_2_28_i686.whl", hash = "sha256:f604efd28f239cc21b3adb53eb061e2a205dc164be408e553b41ba2ffe0ca15c"},
    {file = "zstandard-0.25.0-cp314-cp314-manylinux2014_aarch64.manylinux_2_17_aarch64.manylinux_2_28_aarch64.whl", hash = "sha256:223415140608d0f0da010499eaa8ccdb9af210a543fac54bce15babbcfc78439"},
    {file = "zstandard-0.25.0-cp314-cp314-manylinux2014_ppc64le.manylinux_2_17_ppc64le.manylinux_2_28_ppc64le.whl", hash = "sha256:2e54296a283f3ab5a26fc9b8b5d4978ea0532f37b231644f367aa588930aa043"},
    {file = "zstandard-0.25.0-cp314-cp314-manylinux2014_s390x.manylinux_2_17_s390x.manylinux_2_28_s390x.whl", hash = "sha256:ca54090275939dc8ec5dea2d2afb400e0f83444b2fc24e07df7fdef677110859"},
    {file = "zstandard-0.25.0-cp314-cp314-manylinux2014_x86_64.manylinux_2_17_x86_64.manylinux_2_28_x86_64.whl", hash = "sha256:e09bb6252b6476d8d56100e8147b803befa9a12cea144bbe629dd508800d1ad0"},
    {file = "zstandard-0.25.0-cp314-cp314-musllinux_1_2_aarch64.whl", hash = "sha256:a9ec8c642d1ec73287ae3e726792dd86c96f5681eb8df274a757bf62b750eae7"},
    {file = "zstandard-0.25.0-cp314-cp314-musllinux_1_2_i686.whl", hash = "sha256:a4089a10e598eae6393756b036e0f419e8c1d60f44a831520f9af41c14216cf2"},
    {file = "zstandard-0.25.0-cp314-cp314-musllinux_1_2_ppc64le.whl", hash = "sha256:f67e8f1a324a900e75b5e28ffb152bcac9fbed1cc7b43f99cd90f395c4375344"},
    {file = "zstandard-0.25.0-cp314-cp314-musllinux_1_2_s390x.whl", hash = "sha256:9654dbc012d8b06fc3d19cc825af3f7bf8ae242226df5f83936cb39f5fdc846c"},
    {file = "zstandard-0.25.0-cp314-cp314-musllinux_1_2_x86_64.whl", hash = "sha256:4203ce3b31aec23012d3a4cf4a2ed64d12fea5269c49aed5e4c3611b938e4088"},
    {file = "zstandard-0.25.0-cp314-cp314-win32.whl", hash = "sha256:da469dc041701583e34de852d8634703550348d5822e66a0c827d39b05365b12"},
    {file = "zstandard-0.25.0-cp314-cp314-win_amd64.whl", hash = "sha256:c19bcdd826e95671065f8692b5a4aa95c52dc7a02a4c5a0cac46deb879a017a2"},
    {file = "zstandard-0.25.0-cp314-cp314-win_arm64.whl", hash = "sha256:d7541afd73985c630bafcd6338d2518ae96060075f9463d7dc14cfb33514383d"},
    {file = "zstandard-0.25.0-cp39-cp39-macosx_10_9_x86_64.whl", hash = "sha256:b9af1fe743828123e12b41dd8091eca1074d0c1569cc42e6e1eee98027f2bbd0"},
    {file = "zstandard-0.25.0-cp39-cp39-macosx_11_0_arm64.whl", hash = "sha256:4b14abacf83dfb5c25eb4e4a79520de9e7e205f72c9ee7702f91233ae57d33a2"},
    {file = "zstandard-0.25.0-cp39-cp39-manylinux2010_i686.manylinux2014_i686.manylinux_2_12_i686.manylinux_2_17_i686.whl", hash = "sha256:a51ff14f8017338e2f2e5dab738ce1ec3b5a851f23b18c1ae1359b1eecbee6df"},
    {file = "zstandard-0.25.0-cp39-cp39-manylinux2014_aarch64.manylinux_2_17_aarch64.whl", hash = "sha256:3b870ce5a02d4b22286cf4944c628e0f0881b11b3f14667c1d62185a99e04f53"},
    {file = "zstandard-0.25.0-cp39-cp39-manylinux2014_ppc64le.manylinux_2_17_ppc64le.whl", hash = "sha256:05353cef599a7b0b98baca9b068dd36810c3ef0f42bf282583f438caf6ddcee3"},
    {file = "zstandard-0.25.0-cp39-cp39-manylinux2014_s390x.manylinux_2_17_s390x.whl", hash = "sha256:19796b39075201d51d5f5f790bf849221e58b48a39a5fc74837675d8bafc7362"},
    {file = "zstandard-0.25.0-cp39-cp39-manylinux2014_x86_64.manylinux_2_17_x86_64.whl", hash = "sha256:53e08b2445a6bc241261fea89d065536f00a581f02535f8122eba42db9375530"},
    {file = "zstandard-0.25.0-cp39-cp39-musllinux_1_1_aarch64.whl", hash = "sha256:1f3689581a72eaba9131b1d9bdbfe520ccd169999219b41000ede2fca5c1bfdb"},
    {file = "zstandard-0.25.0-cp39-cp39-musllinux_1_1_x86_64.whl", hash = "sha256:d8c56bb4e6c795fc77d74d8e8b80846e1fb8292fc0b5060cd8131d522974b751"},
    {file = "zstandard-0.25.0-cp39-cp39-musllinux_1_2_aarch64.whl", hash = "sha256:53f94448fe5b10ee75d246497168e5825135d54325458c4bfffbaafabcc0a577"},
    {file = "zstandard-0.25.0-cp39-cp39-musllinux_1_2_i686.whl", hash = "sha256:c2ba942c94e0691467ab901fc51b6f2085ff48f2eea77b1a48240f011e8247c7"},
    {file = "zstandard-0.25.0-cp39-cp39-musllinux_1_2_ppc64le.whl", hash = "sha256:07b527a69c1e1c8b5ab1ab14e2afe0675614a09182213f21a0717b62027b5936"},
    {file = "zstandard-0.25.0-cp39-cp39-musllinux_1_2_s390x.whl", hash = "sha256:51526324f1b23229001eb3735bc8c94f9c578b1bd9e867a0a646a3b17109f388"},
    {file = "zstandard-0.25.0-cp39-cp39-musllinux_1_2_x86_64.whl", hash = "sha256:89c4b48479a43f820b749df49cd7ba2dbc2b1b78560ecb5ab52985574fd40b27"},
    {file = "zstandard-0.25.0-cp39-cp39-win32.whl", hash = "sha256:1cd5da4d8e8ee0e88be976c294db744773459d51bb32f707a0f166e5ad5c8649"},
    {file = "zstandard-0.25.0-cp39-cp39-win_amd64.whl", hash = "sha256:37daddd452c0ffb65da00620afb8e17abd4adaae6ce6310702841760c2c26860"},
    {file = "zstandard-0.25.0.tar.gz", hash = "sha256:7713e1179d162cf5c7906da876ec2ccb9c3a9dcbdffef0cc7f70c3667a205f0b"},
]

[package.extras]
cffi = ["cffi (>=1.17,<2.0) ; platform_python_implementation != \"PyPy\" and python_version < \"3.14\"", "cffi (>=2.0.0b0) ; platform_python_implementation != \"PyPy\" and python_version >= \"3.14\""]

[metadata]
lock-version = "2.1"
python-versions = ">=3.12,<3.14.1 || >3.14.1,<3.15"
content-hash = "a6c6af54b868daf2a186352da76acf8c297df1e4b89b1dc9c268494b6a8a7404"
